// !$*UTF8*$!
{
	archiveVersion = 1;
	classes = {
	};
	objectVersion = 55;
	objects = {

/* Begin PBXBuildFile section */
		8402E8F529745AC00039F1F3 /* AppDelegate.swift in Sources */ = {isa = PBXBuildFile; fileRef = 8402E8F429745AC00039F1F3 /* AppDelegate.swift */; };
		8402E8F729745AC00039F1F3 /* SceneDelegate.swift in Sources */ = {isa = PBXBuildFile; fileRef = 8402E8F629745AC00039F1F3 /* SceneDelegate.swift */; };
		8402E8FE29745AC30039F1F3 /* Assets.xcassets in Resources */ = {isa = PBXBuildFile; fileRef = 8402E8FD29745AC30039F1F3 /* Assets.xcassets */; };
		8402E90F29745F3E0039F1F3 /* SnapKit in Frameworks */ = {isa = PBXBuildFile; productRef = 8402E90E29745F3E0039F1F3 /* SnapKit */; };
		8402E913297462EA0039F1F3 /* PhotosTabBarController.swift in Sources */ = {isa = PBXBuildFile; fileRef = 8402E912297462EA0039F1F3 /* PhotosTabBarController.swift */; };
		8402E9152974676D0039F1F3 /* LibraryTabBarViewController.swift in Sources */ = {isa = PBXBuildFile; fileRef = 8402E9142974676D0039F1F3 /* LibraryTabBarViewController.swift */; };
		8402E917297468600039F1F3 /* ForYouTabBarViewController.swift in Sources */ = {isa = PBXBuildFile; fileRef = 8402E916297468600039F1F3 /* ForYouTabBarViewController.swift */; };
		8402E919297469270039F1F3 /* AlbumsTabBarViewController.swift in Sources */ = {isa = PBXBuildFile; fileRef = 8402E918297469270039F1F3 /* AlbumsTabBarViewController.swift */; };
		8402E91B297469CA0039F1F3 /* SearchTabBarViewController.swift in Sources */ = {isa = PBXBuildFile; fileRef = 8402E91A297469CA0039F1F3 /* SearchTabBarViewController.swift */; };
		8402E920297730EC0039F1F3 /* MyAlbumsCell.swift in Sources */ = {isa = PBXBuildFile; fileRef = 8402E91F297730EC0039F1F3 /* MyAlbumsCell.swift */; };
		8402E923297815EC0039F1F3 /* MyAlbumsCellHeader.swift in Sources */ = {isa = PBXBuildFile; fileRef = 8402E922297815EC0039F1F3 /* MyAlbumsCellHeader.swift */; };
		8402E925297825300039F1F3 /* MediaTypesCell.swift in Sources */ = {isa = PBXBuildFile; fileRef = 8402E924297825300039F1F3 /* MediaTypesCell.swift */; };
/* End PBXBuildFile section */

/* Begin PBXFileReference section */
		8402E8F129745AC00039F1F3 /* Dz14.app */ = {isa = PBXFileReference; explicitFileType = wrapper.application; includeInIndex = 0; path = Dz14.app; sourceTree = BUILT_PRODUCTS_DIR; };
		8402E8F429745AC00039F1F3 /* AppDelegate.swift */ = {isa = PBXFileReference; lastKnownFileType = sourcecode.swift; path = AppDelegate.swift; sourceTree = "<group>"; };
		8402E8F629745AC00039F1F3 /* SceneDelegate.swift */ = {isa = PBXFileReference; lastKnownFileType = sourcecode.swift; path = SceneDelegate.swift; sourceTree = "<group>"; };
		8402E8FD29745AC30039F1F3 /* Assets.xcassets */ = {isa = PBXFileReference; lastKnownFileType = folder.assetcatalog; path = Assets.xcassets; sourceTree = "<group>"; };
		8402E90229745AC30039F1F3 /* Info.plist */ = {isa = PBXFileReference; lastKnownFileType = text.plist.xml; path = Info.plist; sourceTree = "<group>"; };
		8402E912297462EA0039F1F3 /* PhotosTabBarController.swift */ = {isa = PBXFileReference; lastKnownFileType = sourcecode.swift; path = PhotosTabBarController.swift; sourceTree = "<group>"; };
		8402E9142974676D0039F1F3 /* LibraryTabBarViewController.swift */ = {isa = PBXFileReference; lastKnownFileType = sourcecode.swift; path = LibraryTabBarViewController.swift; sourceTree = "<group>"; };
		8402E916297468600039F1F3 /* ForYouTabBarViewController.swift */ = {isa = PBXFileReference; lastKnownFileType = sourcecode.swift; path = ForYouTabBarViewController.swift; sourceTree = "<group>"; };
		8402E918297469270039F1F3 /* AlbumsTabBarViewController.swift */ = {isa = PBXFileReference; lastKnownFileType = sourcecode.swift; path = AlbumsTabBarViewController.swift; sourceTree = "<group>"; };
		8402E91A297469CA0039F1F3 /* SearchTabBarViewController.swift */ = {isa = PBXFileReference; lastKnownFileType = sourcecode.swift; path = SearchTabBarViewController.swift; sourceTree = "<group>"; };
		8402E91F297730EC0039F1F3 /* MyAlbumsCell.swift */ = {isa = PBXFileReference; lastKnownFileType = sourcecode.swift; path = MyAlbumsCell.swift; sourceTree = "<group>"; };
		8402E922297815EC0039F1F3 /* MyAlbumsCellHeader.swift */ = {isa = PBXFileReference; lastKnownFileType = sourcecode.swift; path = MyAlbumsCellHeader.swift; sourceTree = "<group>"; };
		8402E924297825300039F1F3 /* MediaTypesCell.swift */ = {isa = PBXFileReference; lastKnownFileType = sourcecode.swift; path = MediaTypesCell.swift; sourceTree = "<group>"; };
/* End PBXFileReference section */

/* Begin PBXFrameworksBuildPhase section */
		8402E8EE29745AC00039F1F3 /* Frameworks */ = {
			isa = PBXFrameworksBuildPhase;
			buildActionMask = 2147483647;
			files = (
				8402E90F29745F3E0039F1F3 /* SnapKit in Frameworks */,
			);
			runOnlyForDeploymentPostprocessing = 0;
		};
/* End PBXFrameworksBuildPhase section */

/* Begin PBXGroup section */
		8402E8E829745AC00039F1F3 = {
			isa = PBXGroup;
			children = (
				8402E8F329745AC00039F1F3 /* Dz14 */,
				8402E8F229745AC00039F1F3 /* Products */,
			);
			sourceTree = "<group>";
		};
		8402E8F229745AC00039F1F3 /* Products */ = {
			isa = PBXGroup;
			children = (
				8402E8F129745AC00039F1F3 /* Dz14.app */,
			);
			name = Products;
			sourceTree = "<group>";
		};
		8402E8F329745AC00039F1F3 /* Dz14 */ = {
			isa = PBXGroup;
			children = (
				8402E90829745E400039F1F3 /* Resources */,
				8402E90929745E5A0039F1F3 /* App */,
				8402E90A29745E6C0039F1F3 /* View */,
				8402E90C29745E8C0039F1F3 /* Cell */,
				8402E921297815D10039F1F3 /* Headers */,
				8402E90B29745E860039F1F3 /* Model */,
			);
			path = Dz14;
			sourceTree = "<group>";
		};
		8402E90829745E400039F1F3 /* Resources */ = {
			isa = PBXGroup;
			children = (
				8402E8FD29745AC30039F1F3 /* Assets.xcassets */,
				8402E90229745AC30039F1F3 /* Info.plist */,
			);
			path = Resources;
			sourceTree = "<group>";
		};
		8402E90929745E5A0039F1F3 /* App */ = {
			isa = PBXGroup;
			children = (
				8402E8F429745AC00039F1F3 /* AppDelegate.swift */,
				8402E8F629745AC00039F1F3 /* SceneDelegate.swift */,
			);
			path = App;
			sourceTree = "<group>";
		};
		8402E90A29745E6C0039F1F3 /* View */ = {
			isa = PBXGroup;
			children = (
				8402E912297462EA0039F1F3 /* PhotosTabBarController.swift */,
				8402E9142974676D0039F1F3 /* LibraryTabBarViewController.swift */,
				8402E916297468600039F1F3 /* ForYouTabBarViewController.swift */,
				8402E918297469270039F1F3 /* AlbumsTabBarViewController.swift */,
				8402E91A297469CA0039F1F3 /* SearchTabBarViewController.swift */,
			);
			path = View;
			sourceTree = "<group>";
		};
		8402E90B29745E860039F1F3 /* Model */ = {
			isa = PBXGroup;
			children = (
			);
			path = Model;
			sourceTree = "<group>";
		};
		8402E90C29745E8C0039F1F3 /* Cell */ = {
			isa = PBXGroup;
			children = (
				8402E91F297730EC0039F1F3 /* MyAlbumsCell.swift */,
				8402E924297825300039F1F3 /* MediaTypesCell.swift */,
			);
			path = Cell;
			sourceTree = "<group>";
		};
		8402E921297815D10039F1F3 /* Headers */ = {
			isa = PBXGroup;
			children = (
				8402E922297815EC0039F1F3 /* MyAlbumsCellHeader.swift */,
			);
			path = Headers;
			sourceTree = "<group>";
		};
/* End PBXGroup section */

/* Begin PBXNativeTarget section */
		8402E8F029745AC00039F1F3 /* Dz14 */ = {
			isa = PBXNativeTarget;
			buildConfigurationList = 8402E90529745AC30039F1F3 /* Build configuration list for PBXNativeTarget "Dz14" */;
			buildPhases = (
				8402E8ED29745AC00039F1F3 /* Sources */,
				8402E8EE29745AC00039F1F3 /* Frameworks */,
				8402E8EF29745AC00039F1F3 /* Resources */,
			);
			buildRules = (
			);
			dependencies = (
			);
			name = Dz14;
			packageProductDependencies = (
				8402E90E29745F3E0039F1F3 /* SnapKit */,
			);
			productName = Dz14;
			productReference = 8402E8F129745AC00039F1F3 /* Dz14.app */;
			productType = "com.apple.product-type.application";
		};
/* End PBXNativeTarget section */

/* Begin PBXProject section */
		8402E8E929745AC00039F1F3 /* Project object */ = {
			isa = PBXProject;
			attributes = {
				BuildIndependentTargetsInParallel = 1;
				LastSwiftUpdateCheck = 1340;
				LastUpgradeCheck = 1340;
				TargetAttributes = {
					8402E8F029745AC00039F1F3 = {
						CreatedOnToolsVersion = 13.4.1;
					};
				};
			};
			buildConfigurationList = 8402E8EC29745AC00039F1F3 /* Build configuration list for PBXProject "Dz14" */;
			compatibilityVersion = "Xcode 13.0";
			developmentRegion = en;
			hasScannedForEncodings = 0;
			knownRegions = (
				en,
				Base,
			);
			mainGroup = 8402E8E829745AC00039F1F3;
			packageReferences = (
				8402E90D29745F3E0039F1F3 /* XCRemoteSwiftPackageReference "SnapKit" */,
			);
			productRefGroup = 8402E8F229745AC00039F1F3 /* Products */;
			projectDirPath = "";
			projectRoot = "";
			targets = (
				8402E8F029745AC00039F1F3 /* Dz14 */,
			);
		};
/* End PBXProject section */

/* Begin PBXResourcesBuildPhase section */
		8402E8EF29745AC00039F1F3 /* Resources */ = {
			isa = PBXResourcesBuildPhase;
			buildActionMask = 2147483647;
			files = (
				8402E8FE29745AC30039F1F3 /* Assets.xcassets in Resources */,
			);
			runOnlyForDeploymentPostprocessing = 0;
		};
/* End PBXResourcesBuildPhase section */

/* Begin PBXSourcesBuildPhase section */
		8402E8ED29745AC00039F1F3 /* Sources */ = {
			isa = PBXSourcesBuildPhase;
			buildActionMask = 2147483647;
			files = (
				8402E919297469270039F1F3 /* AlbumsTabBarViewController.swift in Sources */,
				8402E91B297469CA0039F1F3 /* SearchTabBarViewController.swift in Sources */,
				8402E923297815EC0039F1F3 /* MyAlbumsCellHeader.swift in Sources */,
				8402E9152974676D0039F1F3 /* LibraryTabBarViewController.swift in Sources */,
				8402E913297462EA0039F1F3 /* PhotosTabBarController.swift in Sources */,
				8402E8F529745AC00039F1F3 /* AppDelegate.swift in Sources */,
				8402E8F729745AC00039F1F3 /* SceneDelegate.swift in Sources */,
				8402E917297468600039F1F3 /* ForYouTabBarViewController.swift in Sources */,
				8402E925297825300039F1F3 /* MediaTypesCell.swift in Sources */,
				8402E920297730EC0039F1F3 /* MyAlbumsCell.swift in Sources */,
			);
			runOnlyForDeploymentPostprocessing = 0;
		};
/* End PBXSourcesBuildPhase section */

/* Begin XCBuildConfiguration section */
		8402E90329745AC30039F1F3 /* Debug */ = {
			isa = XCBuildConfiguration;
			buildSettings = {
				ALWAYS_SEARCH_USER_PATHS = NO;
				CLANG_ANALYZER_NONNULL = YES;
				CLANG_ANALYZER_NUMBER_OBJECT_CONVERSION = YES_AGGRESSIVE;
				CLANG_CXX_LANGUAGE_STANDARD = "gnu++17";
				CLANG_ENABLE_MODULES = YES;
				CLANG_ENABLE_OBJC_ARC = YES;
				CLANG_ENABLE_OBJC_WEAK = YES;
				CLANG_WARN_BLOCK_CAPTURE_AUTORELEASING = YES;
				CLANG_WARN_BOOL_CONVERSION = YES;
				CLANG_WARN_COMMA = YES;
				CLANG_WARN_CONSTANT_CONVERSION = YES;
				CLANG_WARN_DEPRECATED_OBJC_IMPLEMENTATIONS = YES;
				CLANG_WARN_DIRECT_OBJC_ISA_USAGE = YES_ERROR;
				CLANG_WARN_DOCUMENTATION_COMMENTS = YES;
				CLANG_WARN_EMPTY_BODY = YES;
				CLANG_WARN_ENUM_CONVERSION = YES;
				CLANG_WARN_INFINITE_RECURSION = YES;
				CLANG_WARN_INT_CONVERSION = YES;
				CLANG_WARN_NON_LITERAL_NULL_CONVERSION = YES;
				CLANG_WARN_OBJC_IMPLICIT_RETAIN_SELF = YES;
				CLANG_WARN_OBJC_LITERAL_CONVERSION = YES;
				CLANG_WARN_OBJC_ROOT_CLASS = YES_ERROR;
				CLANG_WARN_QUOTED_INCLUDE_IN_FRAMEWORK_HEADER = YES;
				CLANG_WARN_RANGE_LOOP_ANALYSIS = YES;
				CLANG_WARN_STRICT_PROTOTYPES = YES;
				CLANG_WARN_SUSPICIOUS_MOVE = YES;
				CLANG_WARN_UNGUARDED_AVAILABILITY = YES_AGGRESSIVE;
				CLANG_WARN_UNREACHABLE_CODE = YES;
				CLANG_WARN__DUPLICATE_METHOD_MATCH = YES;
				COPY_PHASE_STRIP = NO;
				DEBUG_INFORMATION_FORMAT = dwarf;
				ENABLE_STRICT_OBJC_MSGSEND = YES;
				ENABLE_TESTABILITY = YES;
				GCC_C_LANGUAGE_STANDARD = gnu11;
				GCC_DYNAMIC_NO_PIC = NO;
				GCC_NO_COMMON_BLOCKS = YES;
				GCC_OPTIMIZATION_LEVEL = 0;
				GCC_PREPROCESSOR_DEFINITIONS = (
					"DEBUG=1",
					"$(inherited)",
				);
				GCC_WARN_64_TO_32_BIT_CONVERSION = YES;
				GCC_WARN_ABOUT_RETURN_TYPE = YES_ERROR;
				GCC_WARN_UNDECLARED_SELECTOR = YES;
				GCC_WARN_UNINITIALIZED_AUTOS = YES_AGGRESSIVE;
				GCC_WARN_UNUSED_FUNCTION = YES;
				GCC_WARN_UNUSED_VARIABLE = YES;
				IPHONEOS_DEPLOYMENT_TARGET = 15.5;
				MTL_ENABLE_DEBUG_INFO = INCLUDE_SOURCE;
				MTL_FAST_MATH = YES;
				ONLY_ACTIVE_ARCH = YES;
				SDKROOT = iphoneos;
				SWIFT_ACTIVE_COMPILATION_CONDITIONS = DEBUG;
				SWIFT_OPTIMIZATION_LEVEL = "-Onone";
			};
			name = Debug;
		};
		8402E90429745AC30039F1F3 /* Release */ = {
			isa = XCBuildConfiguration;
			buildSettings = {
				ALWAYS_SEARCH_USER_PATHS = NO;
				CLANG_ANALYZER_NONNULL = YES;
				CLANG_ANALYZER_NUMBER_OBJECT_CONVERSION = YES_AGGRESSIVE;
				CLANG_CXX_LANGUAGE_STANDARD = "gnu++17";
				CLANG_ENABLE_MODULES = YES;
				CLANG_ENABLE_OBJC_ARC = YES;
				CLANG_ENABLE_OBJC_WEAK = YES;
				CLANG_WARN_BLOCK_CAPTURE_AUTORELEASING = YES;
				CLANG_WARN_BOOL_CONVERSION = YES;
				CLANG_WARN_COMMA = YES;
				CLANG_WARN_CONSTANT_CONVERSION = YES;
				CLANG_WARN_DEPRECATED_OBJC_IMPLEMENTATIONS = YES;
				CLANG_WARN_DIRECT_OBJC_ISA_USAGE = YES_ERROR;
				CLANG_WARN_DOCUMENTATION_COMMENTS = YES;
				CLANG_WARN_EMPTY_BODY = YES;
				CLANG_WARN_ENUM_CONVERSION = YES;
				CLANG_WARN_INFINITE_RECURSION = YES;
				CLANG_WARN_INT_CONVERSION = YES;
				CLANG_WARN_NON_LITERAL_NULL_CONVERSION = YES;
				CLANG_WARN_OBJC_IMPLICIT_RETAIN_SELF = YES;
				CLANG_WARN_OBJC_LITERAL_CONVERSION = YES;
				CLANG_WARN_OBJC_ROOT_CLASS = YES_ERROR;
				CLANG_WARN_QUOTED_INCLUDE_IN_FRAMEWORK_HEADER = YES;
				CLANG_WARN_RANGE_LOOP_ANALYSIS = YES;
				CLANG_WARN_STRICT_PROTOTYPES = YES;
				CLANG_WARN_SUSPICIOUS_MOVE = YES;
				CLANG_WARN_UNGUARDED_AVAILABILITY = YES_AGGRESSIVE;
				CLANG_WARN_UNREACHABLE_CODE = YES;
				CLANG_WARN__DUPLICATE_METHOD_MATCH = YES;
				COPY_PHASE_STRIP = NO;
				DEBUG_INFORMATION_FORMAT = "dwarf-with-dsym";
				ENABLE_NS_ASSERTIONS = NO;
				ENABLE_STRICT_OBJC_MSGSEND = YES;
				GCC_C_LANGUAGE_STANDARD = gnu11;
				GCC_NO_COMMON_BLOCKS = YES;
				GCC_WARN_64_TO_32_BIT_CONVERSION = YES;
				GCC_WARN_ABOUT_RETURN_TYPE = YES_ERROR;
				GCC_WARN_UNDECLARED_SELECTOR = YES;
				GCC_WARN_UNINITIALIZED_AUTOS = YES_AGGRESSIVE;
				GCC_WARN_UNUSED_FUNCTION = YES;
				GCC_WARN_UNUSED_VARIABLE = YES;
				IPHONEOS_DEPLOYMENT_TARGET = 15.5;
				MTL_ENABLE_DEBUG_INFO = NO;
				MTL_FAST_MATH = YES;
				SDKROOT = iphoneos;
				SWIFT_COMPILATION_MODE = wholemodule;
				SWIFT_OPTIMIZATION_LEVEL = "-O";
				VALIDATE_PRODUCT = YES;
			};
			name = Release;
		};
		8402E90629745AC30039F1F3 /* Debug */ = {
			isa = XCBuildConfiguration;
			buildSettings = {
				ASSETCATALOG_COMPILER_APPICON_NAME = AppIcon;
				ASSETCATALOG_COMPILER_GLOBAL_ACCENT_COLOR_NAME = AccentColor;
				CODE_SIGN_STYLE = Automatic;
				CURRENT_PROJECT_VERSION = 1;
				DEVELOPMENT_TEAM = U34YS2W9VK;
				GENERATE_INFOPLIST_FILE = YES;
				INFOPLIST_FILE = Dz14/Resources/Info.plist;
				INFOPLIST_KEY_UIApplicationSupportsIndirectInputEvents = YES;
				INFOPLIST_KEY_UILaunchStoryboardName = LaunchScreen;
				INFOPLIST_KEY_UISupportedInterfaceOrientations_iPad = "UIInterfaceOrientationPortrait UIInterfaceOrientationPortraitUpsideDown UIInterfaceOrientationLandscapeLeft UIInterfaceOrientationLandscapeRight";
				INFOPLIST_KEY_UISupportedInterfaceOrientations_iPhone = "UIInterfaceOrientationPortrait UIInterfaceOrientationLandscapeLeft UIInterfaceOrientationLandscapeRight";
				LD_RUNPATH_SEARCH_PATHS = (
					"$(inherited)",
					"@executable_path/Frameworks",
				);
				MARKETING_VERSION = 1.0;
				PRODUCT_BUNDLE_IDENTIFIER = sbrnchk.Dz14;
				PRODUCT_NAME = "$(TARGET_NAME)";
				SWIFT_EMIT_LOC_STRINGS = YES;
				SWIFT_VERSION = 5.0;
				TARGETED_DEVICE_FAMILY = "1,2";
			};
			name = Debug;
		};
		8402E90729745AC30039F1F3 /* Release */ = {
			isa = XCBuildConfiguration;
			buildSettings = {
				ASSETCATALOG_COMPILER_APPICON_NAME = AppIcon;
				ASSETCATALOG_COMPILER_GLOBAL_ACCENT_COLOR_NAME = AccentColor;
				CODE_SIGN_STYLE = Automatic;
				CURRENT_PROJECT_VERSION = 1;
				DEVELOPMENT_TEAM = U34YS2W9VK;
				GENERATE_INFOPLIST_FILE = YES;
				INFOPLIST_FILE = Dz14/Resources/Info.plist;
				INFOPLIST_KEY_UIApplicationSupportsIndirectInputEvents = YES;
				INFOPLIST_KEY_UILaunchStoryboardName = LaunchScreen;
				INFOPLIST_KEY_UISupportedInterfaceOrientations_iPad = "UIInterfaceOrientationPortrait UIInterfaceOrientationPortraitUpsideDown UIInterfaceOrientationLandscapeLeft UIInterfaceOrientationLandscapeRight";
				INFOPLIST_KEY_UISupportedInterfaceOrientations_iPhone = "UIInterfaceOrientationPortrait UIInterfaceOrientationLandscapeLeft UIInterfaceOrientationLandscapeRight";
				LD_RUNPATH_SEARCH_PATHS = (
					"$(inherited)",
					"@executable_path/Frameworks",
				);
				MARKETING_VERSION = 1.0;
				PRODUCT_BUNDLE_IDENTIFIER = sbrnchk.Dz14;
				PRODUCT_NAME = "$(TARGET_NAME)";
				SWIFT_EMIT_LOC_STRINGS = YES;
				SWIFT_VERSION = 5.0;
				TARGETED_DEVICE_FAMILY = "1,2";
			};
			name = Release;
		};
/* End XCBuildConfiguration section */

/* Begin XCConfigurationList section */
		8402E8EC29745AC00039F1F3 /* Build configuration list for PBXProject "Dz14" */ = {
			isa = XCConfigurationList;
			buildConfigurations = (
				8402E90329745AC30039F1F3 /* Debug */,
				8402E90429745AC30039F1F3 /* Release */,
			);
			defaultConfigurationIsVisible = 0;
			defaultConfigurationName = Release;
		};
		8402E90529745AC30039F1F3 /* Build configuration list for PBXNativeTarget "Dz14" */ = {
			isa = XCConfigurationList;
			buildConfigurations = (
				8402E90629745AC30039F1F3 /* Debug */,
				8402E90729745AC30039F1F3 /* Release */,
			);
			defaultConfigurationIsVisible = 0;
			defaultConfigurationName = Release;
		};
/* End XCConfigurationList section */

/* Begin XCRemoteSwiftPackageReference section */
		8402E90D29745F3E0039F1F3 /* XCRemoteSwiftPackageReference "SnapKit" */ = {
			isa = XCRemoteSwiftPackageReference;
			repositoryURL = "https://github.com/SnapKit/SnapKit.git";
			requirement = {
				kind = upToNextMajorVersion;
				minimumVersion = 5.0.0;
			};
		};
/* End XCRemoteSwiftPackageReference section */

/* Begin XCSwiftPackageProductDependency section */
		8402E90E29745F3E0039F1F3 /* SnapKit */ = {
			isa = XCSwiftPackageProductDependency;
			package = 8402E90D29745F3E0039F1F3 /* XCRemoteSwiftPackageReference "SnapKit" */;
			productName = SnapKit;
		};
/* End XCSwiftPackageProductDependency section */
	};
	rootObject = 8402E8E929745AC00039F1F3 /* Project object */;
}
